
Microsoft Visual Studio Solution File, Format Version 12.00
# Visual Studio Version 17
VisualStudioVersion = 17.11.35327.3
MinimumVisualStudioVersion = 10.0.40219.1
Project("{FAE04EC0-301F-11D3-BF4B-00C04F79EFBC}") = "01. AdvertisementMessage", "01. AdvertisementMessage\01. AdvertisementMessage.csproj", "{512FD265-B563-4F8E-B2CE-A8BA5623D9F9}"
EndProject
Project("{FAE04EC0-301F-11D3-BF4B-00C04F79EFBC}") = "02. DogClass", "02. DogClass\02. DogClass.csproj", "{A723B778-A6DC-4A4A-B147-1AA686122F9F}"
EndProject
Project("{FAE04EC0-301F-11D3-BF4B-00C04F79EFBC}") = "03. OrderByAge", "03. OrderByAge\03. OrderByAge.csproj", "{6B1A22B0-EFA5-4086-BEEB-94823C5E1A9B}"
EndProject
Project("{FAE04EC0-301F-11D3-BF4B-00C04F79EFBC}") = "04. Students", "04. Students\04. Students.csproj", "{D956B703-796D-4FEF-8832-EE9D00C9AF09}"
EndProject
Project("{FAE04EC0-301F-11D3-BF4B-00C04F79EFBC}") = "6.VehicleCatalogue", "6.VehicleCatalogue\6.VehicleCatalogue.csproj", "{48B4DCDD-7462-4E5E-82C8-1C3C410DB9DF}"
EndProject
Project("{FAE04EC0-301F-11D3-BF4B-00C04F79EFBC}") = "5. TeamWorkProjects", "5. TeamWorkProjects\5. TeamWorkProjects.csproj", "{667E6E02-4E95-44A4-BB04-3C1E54A6BF0D}"
EndProject
Global
	GlobalSection(SolutionConfigurationPlatforms) = preSolution
		Debug|Any CPU = Debug|Any CPU
		Release|Any CPU = Release|Any CPU
	EndGlobalSection
	GlobalSection(ProjectConfigurationPlatforms) = postSolution
		{512FD265-B563-4F8E-B2CE-A8BA5623D9F9}.Debug|Any CPU.ActiveCfg = Debug|Any CPU
		{512FD265-B563-4F8E-B2CE-A8BA5623D9F9}.Debug|Any CPU.Build.0 = Debug|Any CPU
		{512FD265-B563-4F8E-B2CE-A8BA5623D9F9}.Release|Any CPU.ActiveCfg = Release|Any CPU
		{512FD265-B563-4F8E-B2CE-A8BA5623D9F9}.Release|Any CPU.Build.0 = Release|Any CPU
		{A723B778-A6DC-4A4A-B147-1AA686122F9F}.Debug|Any CPU.ActiveCfg = Debug|Any CPU
		{A723B778-A6DC-4A4A-B147-1AA686122F9F}.Debug|Any CPU.Build.0 = Debug|Any CPU
		{A723B778-A6DC-4A4A-B147-1AA686122F9F}.Release|Any CPU.ActiveCfg = Release|Any CPU
		{A723B778-A6DC-4A4A-B147-1AA686122F9F}.Release|Any CPU.Build.0 = Release|Any CPU
		{6B1A22B0-EFA5-4086-BEEB-94823C5E1A9B}.Debug|Any CPU.ActiveCfg = Debug|Any CPU
		{6B1A22B0-EFA5-4086-BEEB-94823C5E1A9B}.Debug|Any CPU.Build.0 = Debug|Any CPU
		{6B1A22B0-EFA5-4086-BEEB-94823C5E1A9B}.Release|Any CPU.ActiveCfg = Release|Any CPU
		{6B1A22B0-EFA5-4086-BEEB-94823C5E1A9B}.Release|Any CPU.Build.0 = Release|Any CPU
		{D956B703-796D-4FEF-8832-EE9D00C9AF09}.Debug|Any CPU.ActiveCfg = Debug|Any CPU
		{D956B703-796D-4FEF-8832-EE9D00C9AF09}.Debug|Any CPU.Build.0 = Debug|Any CPU
		{D956B703-796D-4FEF-8832-EE9D00C9AF09}.Release|Any CPU.ActiveCfg = Release|Any CPU
		{D956B703-796D-4FEF-8832-EE9D00C9AF09}.Release|Any CPU.Build.0 = Release|Any CPU
		{48B4DCDD-7462-4E5E-82C8-1C3C410DB9DF}.Debug|Any CPU.ActiveCfg = Debug|Any CPU
		{48B4DCDD-7462-4E5E-82C8-1C3C410DB9DF}.Debug|Any CPU.Build.0 = Debug|Any CPU
		{48B4DCDD-7462-4E5E-82C8-1C3C410DB9DF}.Release|Any CPU.ActiveCfg = Release|Any CPU
		{48B4DCDD-7462-4E5E-82C8-1C3C410DB9DF}.Release|Any CPU.Build.0 = Release|Any CPU
		{667E6E02-4E95-44A4-BB04-3C1E54A6BF0D}.Debug|Any CPU.ActiveCfg = Debug|Any CPU
		{667E6E02-4E95-44A4-BB04-3C1E54A6BF0D}.Debug|Any CPU.Build.0 = Debug|Any CPU
		{667E6E02-4E95-44A4-BB04-3C1E54A6BF0D}.Release|Any CPU.ActiveCfg = Release|Any CPU
		{667E6E02-4E95-44A4-BB04-3C1E54A6BF0D}.Release|Any CPU.Build.0 = Release|Any CPU
	EndGlobalSection
	GlobalSection(SolutionProperties) = preSolution
		HideSolutionNode = FALSE
	EndGlobalSection
	GlobalSection(ExtensibilityGlobals) = postSolution
		SolutionGuid = {6D6E5A8F-0C45-4F36-89AA-7019AD42FB1E}
	EndGlobalSection
EndGlobal
